
Microsoft Visual Studio Solution File, Format Version 12.00
# Visual Studio 15
VisualStudioVersion = 15.0.28010.2003
MinimumVisualStudioVersion = 10.0.40219.1
Project("{FAE04EC0-301F-11D3-BF4B-00C04F79EFBC}") = "GPACalculator", "GPACalculator\GPACalculator.csproj", "{D5B5D242-6A9D-4597-82AB-5D160CF2A76D}"
EndProject
Global
	GlobalSection(SolutionConfigurationPlatforms) = preSolution
		Debug|Any CPU = Debug|Any CPU
		Release|Any CPU = Release|Any CPU
	EndGlobalSection
	GlobalSection(ProjectConfigurationPlatforms) = postSolution
		{D5B5D242-6A9D-4597-82AB-5D160CF2A76D}.Debug|Any CPU.ActiveCfg = Debug|Any CPU
		{D5B5D242-6A9D-4597-82AB-5D160CF2A76D}.Debug|Any CPU.Build.0 = Debug|Any CPU
		{D5B5D242-6A9D-4597-82AB-5D160CF2A76D}.Release|Any CPU.ActiveCfg = Release|Any CPU
		{D5B5D242-6A9D-4597-82AB-5D160CF2A76D}.Release|Any CPU.Build.0 = Release|Any CPU
	EndGlobalSection
	GlobalSection(SolutionProperties) = preSolution
		HideSolutionNode = FALSE
	EndGlobalSection
	GlobalSection(ExtensibilityGlobals) = postSolution
		SolutionGuid = {10445296-B464-4E99-9645-BFC11E8B1A94}
	EndGlobalSection
EndGlobal
